// !$*UTF8*$!
{
	archiveVersion = 1;
	classes = {
	};
	objectVersion = 46;
	objects = {

/* Begin PBXAggregateTarget section */
		"OAuthTokenManager::OAuthTokenManagerPackageTests::ProductTarget" /* OAuthTokenManagerPackageTests */ = {
			isa = PBXAggregateTarget;
			buildConfigurationList = OBJ_42 /* Build configuration list for PBXAggregateTarget "OAuthTokenManagerPackageTests" */;
			buildPhases = (
			);
			dependencies = (
				OBJ_45 /* PBXTargetDependency */,
			);
			name = OAuthTokenManagerPackageTests;
			productName = OAuthTokenManagerPackageTests;
		};
/* End PBXAggregateTarget section */

/* Begin PBXBuildFile section */
		OBJ_31 /* AuthError.swift in Sources */ = {isa = PBXBuildFile; fileRef = OBJ_9 /* AuthError.swift */; };
		OBJ_32 /* TokenManager.swift in Sources */ = {isa = PBXBuildFile; fileRef = OBJ_10 /* TokenManager.swift */; };
		OBJ_33 /* TokenManagerDelegate.swift in Sources */ = {isa = PBXBuildFile; fileRef = OBJ_11 /* TokenManagerDelegate.swift */; };
		OBJ_40 /* Package.swift in Sources */ = {isa = PBXBuildFile; fileRef = OBJ_6 /* Package.swift */; };
		OBJ_51 /* MockDelegate.swift in Sources */ = {isa = PBXBuildFile; fileRef = OBJ_15 /* MockDelegate.swift */; };
		OBJ_52 /* Mocks.swift in Sources */ = {isa = PBXBuildFile; fileRef = OBJ_16 /* Mocks.swift */; };
		OBJ_53 /* InvalidAccessTokenTests.swift in Sources */ = {isa = PBXBuildFile; fileRef = OBJ_18 /* InvalidAccessTokenTests.swift */; };
		OBJ_54 /* InvalidRefreshTokenTests.swift in Sources */ = {isa = PBXBuildFile; fileRef = OBJ_19 /* InvalidRefreshTokenTests.swift */; };
		OBJ_55 /* ValidTokensTests.swift in Sources */ = {isa = PBXBuildFile; fileRef = OBJ_20 /* ValidTokensTests.swift */; };
		OBJ_57 /* OAuthTokenManager.framework in Frameworks */ = {isa = PBXBuildFile; fileRef = "OAuthTokenManager::OAuthTokenManager::Product" /* OAuthTokenManager.framework */; };
/* End PBXBuildFile section */

/* Begin PBXContainerItemProxy section */
		2B77B1FB238C15C00090F2DD /* PBXContainerItemProxy */ = {
			isa = PBXContainerItemProxy;
			containerPortal = OBJ_1 /* Project object */;
			proxyType = 1;
			remoteGlobalIDString = "OAuthTokenManager::OAuthTokenManager";
			remoteInfo = OAuthTokenManager;
		};
		2B77B1FE238C16970090F2DD /* PBXContainerItemProxy */ = {
			isa = PBXContainerItemProxy;
			containerPortal = OBJ_1 /* Project object */;
			proxyType = 1;
			remoteGlobalIDString = "OAuthTokenManager::OAuthTokenManagerTests";
			remoteInfo = OAuthTokenManagerTests;
		};
/* End PBXContainerItemProxy section */

/* Begin PBXFileReference section */
		"OAuthTokenManager::OAuthTokenManager::Product" /* OAuthTokenManager.framework */ = {isa = PBXFileReference; lastKnownFileType = wrapper.framework; path = OAuthTokenManager.framework; sourceTree = BUILT_PRODUCTS_DIR; };
		"OAuthTokenManager::OAuthTokenManagerTests::Product" /* OAuthTokenManagerTests.xctest */ = {isa = PBXFileReference; lastKnownFileType = file; path = OAuthTokenManagerTests.xctest; sourceTree = BUILT_PRODUCTS_DIR; };
		OBJ_10 /* TokenManager.swift */ = {isa = PBXFileReference; lastKnownFileType = sourcecode.swift; path = TokenManager.swift; sourceTree = "<group>"; };
		OBJ_11 /* TokenManagerDelegate.swift */ = {isa = PBXFileReference; lastKnownFileType = sourcecode.swift; path = TokenManagerDelegate.swift; sourceTree = "<group>"; };
		OBJ_15 /* MockDelegate.swift */ = {isa = PBXFileReference; lastKnownFileType = sourcecode.swift; path = MockDelegate.swift; sourceTree = "<group>"; };
		OBJ_16 /* Mocks.swift */ = {isa = PBXFileReference; lastKnownFileType = sourcecode.swift; path = Mocks.swift; sourceTree = "<group>"; };
		OBJ_18 /* InvalidAccessTokenTests.swift */ = {isa = PBXFileReference; lastKnownFileType = sourcecode.swift; path = InvalidAccessTokenTests.swift; sourceTree = "<group>"; };
		OBJ_19 /* InvalidRefreshTokenTests.swift */ = {isa = PBXFileReference; lastKnownFileType = sourcecode.swift; path = InvalidRefreshTokenTests.swift; sourceTree = "<group>"; };
		OBJ_20 /* ValidTokensTests.swift */ = {isa = PBXFileReference; lastKnownFileType = sourcecode.swift; path = ValidTokensTests.swift; sourceTree = "<group>"; };
		OBJ_24 /* LICENSE */ = {isa = PBXFileReference; lastKnownFileType = text; path = LICENSE; sourceTree = "<group>"; };
		OBJ_25 /* README.md */ = {isa = PBXFileReference; lastKnownFileType = net.daringfireball.markdown; path = README.md; sourceTree = "<group>"; };
		OBJ_6 /* Package.swift */ = {isa = PBXFileReference; explicitFileType = sourcecode.swift; path = Package.swift; sourceTree = "<group>"; };
		OBJ_9 /* AuthError.swift */ = {isa = PBXFileReference; lastKnownFileType = sourcecode.swift; path = AuthError.swift; sourceTree = "<group>"; };
/* End PBXFileReference section */

/* Begin PBXFrameworksBuildPhase section */
		OBJ_34 /* Frameworks */ = {
			isa = PBXFrameworksBuildPhase;
			buildActionMask = 0;
			files = (
			);
			runOnlyForDeploymentPostprocessing = 0;
		};
		OBJ_56 /* Frameworks */ = {
			isa = PBXFrameworksBuildPhase;
			buildActionMask = 0;
			files = (
				OBJ_57 /* OAuthTokenManager.framework in Frameworks */,
			);
			runOnlyForDeploymentPostprocessing = 0;
		};
/* End PBXFrameworksBuildPhase section */

/* Begin PBXGroup section */
		OBJ_12 /* Tests */ = {
			isa = PBXGroup;
			children = (
				OBJ_13 /* OAuthTokenManagerTests */,
			);
			name = Tests;
			sourceTree = SOURCE_ROOT;
		};
		OBJ_13 /* OAuthTokenManagerTests */ = {
			isa = PBXGroup;
			children = (
				OBJ_14 /* Mocks */,
				OBJ_17 /* TokenManager */,
			);
			name = OAuthTokenManagerTests;
			path = Tests/OAuthTokenManagerTests;
			sourceTree = SOURCE_ROOT;
		};
		OBJ_14 /* Mocks */ = {
			isa = PBXGroup;
			children = (
				OBJ_15 /* MockDelegate.swift */,
				OBJ_16 /* Mocks.swift */,
			);
			path = Mocks;
			sourceTree = "<group>";
		};
		OBJ_17 /* TokenManager */ = {
			isa = PBXGroup;
			children = (
				OBJ_18 /* InvalidAccessTokenTests.swift */,
				OBJ_19 /* InvalidRefreshTokenTests.swift */,
				OBJ_20 /* ValidTokensTests.swift */,
			);
			path = TokenManager;
			sourceTree = "<group>";
		};
		OBJ_21 /* Products */ = {
			isa = PBXGroup;
			children = (
				"OAuthTokenManager::OAuthTokenManagerTests::Product" /* OAuthTokenManagerTests.xctest */,
				"OAuthTokenManager::OAuthTokenManager::Product" /* OAuthTokenManager.framework */,
			);
			name = Products;
			sourceTree = BUILT_PRODUCTS_DIR;
		};
		OBJ_5 /*  */ = {
			isa = PBXGroup;
			children = (
				OBJ_6 /* Package.swift */,
				OBJ_7 /* Sources */,
				OBJ_12 /* Tests */,
				OBJ_21 /* Products */,
				OBJ_24 /* LICENSE */,
				OBJ_25 /* README.md */,
			);
			name = "";
			sourceTree = "<group>";
		};
		OBJ_7 /* Sources */ = {
			isa = PBXGroup;
			children = (
				OBJ_8 /* OAuthTokenManager */,
			);
			name = Sources;
			sourceTree = SOURCE_ROOT;
		};
		OBJ_8 /* OAuthTokenManager */ = {
			isa = PBXGroup;
			children = (
				OBJ_9 /* AuthError.swift */,
				OBJ_10 /* TokenManager.swift */,
				OBJ_11 /* TokenManagerDelegate.swift */,
			);
			name = OAuthTokenManager;
			path = Sources/OAuthTokenManager;
			sourceTree = SOURCE_ROOT;
		};
/* End PBXGroup section */

/* Begin PBXNativeTarget section */
		"OAuthTokenManager::OAuthTokenManager" /* OAuthTokenManager */ = {
			isa = PBXNativeTarget;
			buildConfigurationList = OBJ_27 /* Build configuration list for PBXNativeTarget "OAuthTokenManager" */;
			buildPhases = (
				OBJ_30 /* Sources */,
				OBJ_34 /* Frameworks */,
			);
			buildRules = (
			);
			dependencies = (
			);
			name = OAuthTokenManager;
			productName = OAuthTokenManager;
			productReference = "OAuthTokenManager::OAuthTokenManager::Product" /* OAuthTokenManager.framework */;
			productType = "com.apple.product-type.framework";
		};
		"OAuthTokenManager::OAuthTokenManagerTests" /* OAuthTokenManagerTests */ = {
			isa = PBXNativeTarget;
			buildConfigurationList = OBJ_47 /* Build configuration list for PBXNativeTarget "OAuthTokenManagerTests" */;
			buildPhases = (
				OBJ_50 /* Sources */,
				OBJ_56 /* Frameworks */,
			);
			buildRules = (
			);
			dependencies = (
				OBJ_58 /* PBXTargetDependency */,
			);
			name = OAuthTokenManagerTests;
			productName = OAuthTokenManagerTests;
			productReference = "OAuthTokenManager::OAuthTokenManagerTests::Product" /* OAuthTokenManagerTests.xctest */;
			productType = "com.apple.product-type.bundle.unit-test";
		};
		"OAuthTokenManager::SwiftPMPackageDescription" /* OAuthTokenManagerPackageDescription */ = {
			isa = PBXNativeTarget;
			buildConfigurationList = OBJ_36 /* Build configuration list for PBXNativeTarget "OAuthTokenManagerPackageDescription" */;
			buildPhases = (
				OBJ_39 /* Sources */,
			);
			buildRules = (
			);
			dependencies = (
			);
			name = OAuthTokenManagerPackageDescription;
			productName = OAuthTokenManagerPackageDescription;
			productType = "com.apple.product-type.framework";
		};
/* End PBXNativeTarget section */

/* Begin PBXProject section */
		OBJ_1 /* Project object */ = {
			isa = PBXProject;
			attributes = {
				LastSwiftMigration = 9999;
				LastUpgradeCheck = 9999;
			};
			buildConfigurationList = OBJ_2 /* Build configuration list for PBXProject "OAuthTokenManager" */;
			compatibilityVersion = "Xcode 3.2";
			developmentRegion = en;
			hasScannedForEncodings = 0;
			knownRegions = (
				en,
			);
			mainGroup = OBJ_5 /*  */;
			productRefGroup = OBJ_21 /* Products */;
			projectDirPath = "";
			projectRoot = "";
			targets = (
				"OAuthTokenManager::OAuthTokenManager" /* OAuthTokenManager */,
				"OAuthTokenManager::SwiftPMPackageDescription" /* OAuthTokenManagerPackageDescription */,
				"OAuthTokenManager::OAuthTokenManagerPackageTests::ProductTarget" /* OAuthTokenManagerPackageTests */,
				"OAuthTokenManager::OAuthTokenManagerTests" /* OAuthTokenManagerTests */,
			);
		};
/* End PBXProject section */

/* Begin PBXSourcesBuildPhase section */
		OBJ_30 /* Sources */ = {
			isa = PBXSourcesBuildPhase;
			buildActionMask = 0;
			files = (
				OBJ_31 /* AuthError.swift in Sources */,
				OBJ_32 /* TokenManager.swift in Sources */,
				OBJ_33 /* TokenManagerDelegate.swift in Sources */,
			);
			runOnlyForDeploymentPostprocessing = 0;
		};
		OBJ_39 /* Sources */ = {
			isa = PBXSourcesBuildPhase;
			buildActionMask = 0;
			files = (
				OBJ_40 /* Package.swift in Sources */,
			);
			runOnlyForDeploymentPostprocessing = 0;
		};
		OBJ_50 /* Sources */ = {
			isa = PBXSourcesBuildPhase;
			buildActionMask = 0;
			files = (
				OBJ_51 /* MockDelegate.swift in Sources */,
				OBJ_52 /* Mocks.swift in Sources */,
				OBJ_53 /* InvalidAccessTokenTests.swift in Sources */,
				OBJ_54 /* InvalidRefreshTokenTests.swift in Sources */,
				OBJ_55 /* ValidTokensTests.swift in Sources */,
			);
			runOnlyForDeploymentPostprocessing = 0;
		};
/* End PBXSourcesBuildPhase section */

/* Begin PBXTargetDependency section */
		OBJ_45 /* PBXTargetDependency */ = {
			isa = PBXTargetDependency;
			target = "OAuthTokenManager::OAuthTokenManagerTests" /* OAuthTokenManagerTests */;
			targetProxy = 2B77B1FE238C16970090F2DD /* PBXContainerItemProxy */;
		};
		OBJ_58 /* PBXTargetDependency */ = {
			isa = PBXTargetDependency;
			target = "OAuthTokenManager::OAuthTokenManager" /* OAuthTokenManager */;
			targetProxy = 2B77B1FB238C15C00090F2DD /* PBXContainerItemProxy */;
		};
/* End PBXTargetDependency section */

/* Begin XCBuildConfiguration section */
		OBJ_28 /* Debug */ = {
			isa = XCBuildConfiguration;
			buildSettings = {
				ENABLE_TESTABILITY = YES;
				FRAMEWORK_SEARCH_PATHS = (
					"$(inherited)",
					"$(PLATFORM_DIR)/Developer/Library/Frameworks",
				);
				HEADER_SEARCH_PATHS = "$(inherited)";
				INFOPLIST_FILE = OAuthTokenManager.xcodeproj/OAuthTokenManager_Info.plist;
				IPHONEOS_DEPLOYMENT_TARGET = 8.0;
				LD_RUNPATH_SEARCH_PATHS = "$(inherited) $(TOOLCHAIN_DIR)/usr/lib/swift/macosx";
				MACOSX_DEPLOYMENT_TARGET = 10.10;
				OTHER_CFLAGS = "$(inherited)";
				OTHER_LDFLAGS = "$(inherited)";
				OTHER_SWIFT_FLAGS = "$(inherited)";
				PRODUCT_BUNDLE_IDENTIFIER = OAuthTokenManager;
				PRODUCT_MODULE_NAME = "$(TARGET_NAME:c99extidentifier)";
				PRODUCT_NAME = "$(TARGET_NAME:c99extidentifier)";
				SKIP_INSTALL = YES;
				SWIFT_ACTIVE_COMPILATION_CONDITIONS = "$(inherited)";
				SWIFT_VERSION = 5.0;
				TARGET_NAME = OAuthTokenManager;
				TVOS_DEPLOYMENT_TARGET = 9.0;
				WATCHOS_DEPLOYMENT_TARGET = 2.0;
			};
			name = Debug;
		};
		OBJ_29 /* Release */ = {
			isa = XCBuildConfiguration;
			buildSettings = {
				ENABLE_TESTABILITY = YES;
				FRAMEWORK_SEARCH_PATHS = (
					"$(inherited)",
					"$(PLATFORM_DIR)/Developer/Library/Frameworks",
				);
				HEADER_SEARCH_PATHS = "$(inherited)";
				INFOPLIST_FILE = OAuthTokenManager.xcodeproj/OAuthTokenManager_Info.plist;
				IPHONEOS_DEPLOYMENT_TARGET = 8.0;
				LD_RUNPATH_SEARCH_PATHS = "$(inherited) $(TOOLCHAIN_DIR)/usr/lib/swift/macosx";
				MACOSX_DEPLOYMENT_TARGET = 10.10;
				OTHER_CFLAGS = "$(inherited)";
				OTHER_LDFLAGS = "$(inherited)";
				OTHER_SWIFT_FLAGS = "$(inherited)";
				PRODUCT_BUNDLE_IDENTIFIER = OAuthTokenManager;
				PRODUCT_MODULE_NAME = "$(TARGET_NAME:c99extidentifier)";
				PRODUCT_NAME = "$(TARGET_NAME:c99extidentifier)";
				SKIP_INSTALL = YES;
				SWIFT_ACTIVE_COMPILATION_CONDITIONS = "$(inherited)";
				SWIFT_VERSION = 5.0;
				TARGET_NAME = OAuthTokenManager;
				TVOS_DEPLOYMENT_TARGET = 9.0;
				WATCHOS_DEPLOYMENT_TARGET = 2.0;
			};
			name = Release;
		};
		OBJ_3 /* Debug */ = {
			isa = XCBuildConfiguration;
			buildSettings = {
				CLANG_ENABLE_OBJC_ARC = YES;
				COMBINE_HIDPI_IMAGES = YES;
				COPY_PHASE_STRIP = NO;
				DEBUG_INFORMATION_FORMAT = dwarf;
				DYLIB_INSTALL_NAME_BASE = "@rpath";
				ENABLE_NS_ASSERTIONS = YES;
				GCC_OPTIMIZATION_LEVEL = 0;
				GCC_PREPROCESSOR_DEFINITIONS = (
					"$(inherited)",
					"SWIFT_PACKAGE=1",
					"DEBUG=1",
				);
				MACOSX_DEPLOYMENT_TARGET = 10.10;
				ONLY_ACTIVE_ARCH = YES;
				OTHER_SWIFT_FLAGS = "$(inherited) -DXcode";
				PRODUCT_NAME = "$(TARGET_NAME)";
				SDKROOT = macosx;
				SUPPORTED_PLATFORMS = "macosx iphoneos iphonesimulator appletvos appletvsimulator watchos watchsimulator";
				SWIFT_ACTIVE_COMPILATION_CONDITIONS = "$(inherited) SWIFT_PACKAGE DEBUG";
				SWIFT_OPTIMIZATION_LEVEL = "-Onone";
				USE_HEADERMAP = NO;
			};
			name = Debug;
		};
		OBJ_37 /* Debug */ = {
			isa = XCBuildConfiguration;
			buildSettings = {
				LD = /usr/bin/true;
				OTHER_SWIFT_FLAGS = "-swift-version 5 -I $(TOOLCHAIN_DIR)/usr/lib/swift/pm/4_2 -target x86_64-apple-macosx10.10 -sdk /Applications/Xcode.app/Contents/Developer/Platforms/MacOSX.platform/Developer/SDKs/MacOSX10.15.sdk -package-description-version 5.1";
				SWIFT_VERSION = 5.0;
			};
			name = Debug;
		};
		OBJ_38 /* Release */ = {
			isa = XCBuildConfiguration;
			buildSettings = {
				LD = /usr/bin/true;
				OTHER_SWIFT_FLAGS = "-swift-version 5 -I $(TOOLCHAIN_DIR)/usr/lib/swift/pm/4_2 -target x86_64-apple-macosx10.10 -sdk /Applications/Xcode.app/Contents/Developer/Platforms/MacOSX.platform/Developer/SDKs/MacOSX10.15.sdk -package-description-version 5.1";
				SWIFT_VERSION = 5.0;
			};
			name = Release;
		};
		OBJ_4 /* Release */ = {
			isa = XCBuildConfiguration;
			buildSettings = {
				CLANG_ENABLE_OBJC_ARC = YES;
				COMBINE_HIDPI_IMAGES = YES;
				COPY_PHASE_STRIP = YES;
				DEBUG_INFORMATION_FORMAT = "dwarf-with-dsym";
				DYLIB_INSTALL_NAME_BASE = "@rpath";
				GCC_OPTIMIZATION_LEVEL = s;
				GCC_PREPROCESSOR_DEFINITIONS = (
					"$(inherited)",
					"SWIFT_PACKAGE=1",
				);
				MACOSX_DEPLOYMENT_TARGET = 10.10;
				OTHER_SWIFT_FLAGS = "$(inherited) -DXcode";
				PRODUCT_NAME = "$(TARGET_NAME)";
				SDKROOT = macosx;
				SUPPORTED_PLATFORMS = "macosx iphoneos iphonesimulator appletvos appletvsimulator watchos watchsimulator";
				SWIFT_ACTIVE_COMPILATION_CONDITIONS = "$(inherited) SWIFT_PACKAGE";
				SWIFT_OPTIMIZATION_LEVEL = "-Owholemodule";
				USE_HEADERMAP = NO;
			};
			name = Release;
		};
		OBJ_43 /* Debug */ = {
			isa = XCBuildConfiguration;
			buildSettings = {
			};
			name = Debug;
		};
		OBJ_44 /* Release */ = {
			isa = XCBuildConfiguration;
			buildSettings = {
			};
			name = Release;
		};
		OBJ_48 /* Debug */ = {
			isa = XCBuildConfiguration;
			buildSettings = {
				CLANG_ENABLE_MODULES = YES;
				EMBEDDED_CONTENT_CONTAINS_SWIFT = YES;
				FRAMEWORK_SEARCH_PATHS = (
					"$(inherited)",
					"$(PLATFORM_DIR)/Developer/Library/Frameworks",
				);
				HEADER_SEARCH_PATHS = "$(inherited)";
				INFOPLIST_FILE = OAuthTokenManager.xcodeproj/OAuthTokenManagerTests_Info.plist;
				IPHONEOS_DEPLOYMENT_TARGET = 8.0;
				LD_RUNPATH_SEARCH_PATHS = "$(inherited) @loader_path/../Frameworks @loader_path/Frameworks";
				MACOSX_DEPLOYMENT_TARGET = 10.10;
				OTHER_CFLAGS = "$(inherited)";
				OTHER_LDFLAGS = "$(inherited)";
				OTHER_SWIFT_FLAGS = "$(inherited)";
				SWIFT_ACTIVE_COMPILATION_CONDITIONS = "$(inherited)";
				SWIFT_VERSION = 5.0;
				TARGET_NAME = OAuthTokenManagerTests;
				TVOS_DEPLOYMENT_TARGET = 9.0;
				WATCHOS_DEPLOYMENT_TARGET = 2.0;
			};
			name = Debug;
		};
		OBJ_49 /* Release */ = {
			isa = XCBuildConfiguration;
			buildSettings = {
				CLANG_ENABLE_MODULES = YES;
				EMBEDDED_CONTENT_CONTAINS_SWIFT = YES;
				FRAMEWORK_SEARCH_PATHS = (
					"$(inherited)",
					"$(PLATFORM_DIR)/Developer/Library/Frameworks",
				);
				HEADER_SEARCH_PATHS = "$(inherited)";
				INFOPLIST_FILE = OAuthTokenManager.xcodeproj/OAuthTokenManagerTests_Info.plist;
				IPHONEOS_DEPLOYMENT_TARGET = 8.0;
				LD_RUNPATH_SEARCH_PATHS = "$(inherited) @loader_path/../Frameworks @loader_path/Frameworks";
				MACOSX_DEPLOYMENT_TARGET = 10.10;
				OTHER_CFLAGS = "$(inherited)";
				OTHER_LDFLAGS = "$(inherited)";
				OTHER_SWIFT_FLAGS = "$(inherited)";
				SWIFT_ACTIVE_COMPILATION_CONDITIONS = "$(inherited)";
				SWIFT_VERSION = 5.0;
				TARGET_NAME = OAuthTokenManagerTests;
				TVOS_DEPLOYMENT_TARGET = 9.0;
				WATCHOS_DEPLOYMENT_TARGET = 2.0;
			};
			name = Release;
		};
/* End XCBuildConfiguration section */

/* Begin XCConfigurationList section */
		OBJ_2 /* Build configuration list for PBXProject "OAuthTokenManager" */ = {
			isa = XCConfigurationList;
			buildConfigurations = (
				OBJ_3 /* Debug */,
				OBJ_4 /* Release */,
			);
			defaultConfigurationIsVisible = 0;
			defaultConfigurationName = Release;
		};
		OBJ_27 /* Build configuration list for PBXNativeTarget "OAuthTokenManager" */ = {
			isa = XCConfigurationList;
			buildConfigurations = (
				OBJ_28 /* Debug */,
				OBJ_29 /* Release */,
			);
			defaultConfigurationIsVisible = 0;
			defaultConfigurationName = Release;
		};
		OBJ_36 /* Build configuration list for PBXNativeTarget "OAuthTokenManagerPackageDescription" */ = {
			isa = XCConfigurationList;
			buildConfigurations = (
				OBJ_37 /* Debug */,
				OBJ_38 /* Release */,
			);
			defaultConfigurationIsVisible = 0;
			defaultConfigurationName = Release;
		};
		OBJ_42 /* Build configuration list for PBXAggregateTarget "OAuthTokenManagerPackageTests" */ = {
			isa = XCConfigurationList;
			buildConfigurations = (
				OBJ_43 /* Debug */,
				OBJ_44 /* Release */,
			);
			defaultConfigurationIsVisible = 0;
			defaultConfigurationName = Release;
		};
		OBJ_47 /* Build configuration list for PBXNativeTarget "OAuthTokenManagerTests" */ = {
			isa = XCConfigurationList;
			buildConfigurations = (
				OBJ_48 /* Debug */,
				OBJ_49 /* Release */,
			);
			defaultConfigurationIsVisible = 0;
			defaultConfigurationName = Release;
		};
/* End XCConfigurationList section */
	};
	rootObject = OBJ_1 /* Project object */;
}
